lockfileVersion: '9.0'

settings:
  autoInstallPeers: true
  excludeLinksFromLockfile: false

importers:

  .:
    dependencies:
      '@solana/kit':
        specifier: ^2.1.0
        version: 2.1.1(fastestsmallesttextencoderdecoder@1.0.22)(typescript@5.8.3)(ws@8.18.2)
      sanctum-spl-stake-pool-ts:
        specifier: file:../sdk/pkg
        version: '@sanctumso/spl-stake-pool@file:../sdk/pkg'
    devDependencies:
      '@types/node':
        specifier: ^22
        version: 22.15.18
      ts-node:
        specifier: ^10.9.2
        version: 10.9.2(@types/node@22.15.18)(typescript@5.8.3)
      typescript:
        specifier: ^5.3.3
        version: 5.8.3

packages:

  '@cspotcode/source-map-support@0.8.1':
    resolution: {integrity: sha512-IchNf6dN4tHoMFIn/7OE8LWZ19Y6q/67Bmf6vnGREv8RSbBVb9LPJxEcnwrcwX6ixSvaiGoomAUvu4YSxXrVgw==}
    engines: {node: '>=12'}

  '@jridgewell/resolve-uri@3.1.2':
    resolution: {integrity: sha512-bRISgCIjP20/tbWSPWMEi54QVPRZExkuD9lJL+UIxUKtwVJA8wW1Trb1jMs1RFXo1CBTNZ/5hpC9QvmKWdopKw==}
    engines: {node: '>=6.0.0'}

  '@jridgewell/sourcemap-codec@1.5.0':
    resolution: {integrity: sha512-gv3ZRaISU3fjPAgNsriBRqGWQL6quFx04YMPW/zD8XMLsU32mhCCbfbO6KZFLjvYpCZ8zyDEgqsgf+PwPaM7GQ==}

  '@jridgewell/trace-mapping@0.3.9':
    resolution: {integrity: sha512-3Belt6tdc8bPgAtbcmdtNJlirVoTmEb5e2gC94PnkwEW9jI6CAHUeoG85tjWP5WquqfavoMtMwiG4P926ZKKuQ==}

  '@sanctumso/spl-stake-pool@file:../sdk/pkg':
    resolution: {directory: ../sdk/pkg, type: directory}

  '@solana/accounts@2.1.1':
    resolution: {integrity: sha512-Q9mG0o/6oyiUSw1CXCkG50TWlYiODJr3ZilEDLIyXpYJzOstRZM4XOzbRACveX4PXFoufPzpR1sSVK6qfcUUCw==}
    engines: {node: '>=20.18.0'}
    peerDependencies:
      typescript: '>=5.3.3'

  '@solana/addresses@2.1.1':
    resolution: {integrity: sha512-yX6+brBXFmirxXDJCBDNKDYbGZHMZHaZS4NJWZs31DTe5To3Ky3Y9g3wFEGAX242kfNyJcgg5OeoBuZ7vdFycQ==}
    engines: {node: '>=20.18.0'}
    peerDependencies:
      typescript: '>=5.3.3'

  '@solana/assertions@2.1.1':
    resolution: {integrity: sha512-ln6dXkliyb9ybqLGFf5Gn+LJaPZGmer9KloIFfHiiSfYFdoAqOu6+pVY+323SKWXHG+hHl9VkwuZYpSp02OroA==}
    engines: {node: '>=20.18.0'}
    peerDependencies:
      typescript: '>=5.3.3'

  '@solana/codecs-core@2.1.1':
    resolution: {integrity: sha512-iPQW3UZ2Vi7QFBo2r9tw0NubtH8EdrhhmZulx6lC8V5a+qjaxovtM/q/UW2BTNpqqHLfO0tIcLyBLrNH4HTWPg==}
    engines: {node: '>=20.18.0'}
    peerDependencies:
      typescript: '>=5.3.3'

  '@solana/codecs-data-structures@2.1.1':
    resolution: {integrity: sha512-OcR7FIhWDFqg6gEslbs2GVKeDstGcSDpkZo9SeV4bm2RLd1EZfxGhWW+yHZfHqOZiIkw9w+aY45bFgKrsLQmFw==}
    engines: {node: '>=20.18.0'}
    peerDependencies:
      typescript: '>=5.3.3'

  '@solana/codecs-numbers@2.1.1':
    resolution: {integrity: sha512-m20IUPJhPUmPkHSlZ2iMAjJ7PaYUvlMtFhCQYzm9BEBSI6OCvXTG3GAPpAnSGRBfg5y+QNqqmKn4QHU3B6zzCQ==}
    engines: {node: '>=20.18.0'}
    peerDependencies:
      typescript: '>=5.3.3'

  '@solana/codecs-strings@2.1.1':
    resolution: {integrity: sha512-uhj+A7eT6IJn4nuoX8jDdvZa7pjyZyN+k64EZ8+aUtJGt5Ft4NjRM8Jl5LljwYBWKQCgouVuigZHtTO2yAWExA==}
    engines: {node: '>=20.18.0'}
    peerDependencies:
      fastestsmallesttextencoderdecoder: ^1.0.22
      typescript: '>=5.3.3'

  '@solana/codecs@2.1.1':
    resolution: {integrity: sha512-89Fv22fZ5dNiXjOKh6I3U1D/lVO/dF/cPHexdiqjS5k5R5uKeK3506rhcnc4ciawQAoOkDwHzW+HitUumF2PJg==}
    engines: {node: '>=20.18.0'}
    peerDependencies:
      typescript: '>=5.3.3'

  '@solana/errors@2.1.1':
    resolution: {integrity: sha512-sj6DaWNbSJFvLzT8UZoabMefQUfSW/8tXK7NTiagsDmh+Q87eyQDDC9L3z+mNmx9b6dEf6z660MOIplDD2nfEw==}
    engines: {node: '>=20.18.0'}
    hasBin: true
    peerDependencies:
      typescript: '>=5.3.3'

  '@solana/fast-stable-stringify@2.1.1':
    resolution: {integrity: sha512-+gyW8plyMOURMuO9iL6eQBb5wCRwMGLO5T6jBIDGws8KR4tOtIBlQnQnzk81nNepE6lbf8tLCxS8KdYgT/P+wQ==}
    engines: {node: '>=20.18.0'}
    peerDependencies:
      typescript: '>=5.3.3'

  '@solana/functional@2.1.1':
    resolution: {integrity: sha512-HePJ49Cyz4Mb26zm5holPikm8bzsBH5zLR41+gIw9jJBmIteILNnk2OO1dVkb6aJnP42mdhWSXCo3VVEGT6aEw==}
    engines: {node: '>=20.18.0'}
    peerDependencies:
      typescript: '>=5.3.3'

  '@solana/instructions@2.1.1':
    resolution: {integrity: sha512-Zx48hav9Lu+JuC+U0QJ8B7g7bXQZElXCjvxosIibU2C7ygDuq0ffOly0/irWJv2xmHYm6z8Hm1ILbZ5w0GhDQQ==}
    engines: {node: '>=20.18.0'}
    peerDependencies:
      typescript: '>=5.3.3'

  '@solana/keys@2.1.1':
    resolution: {integrity: sha512-SXuhUz1c2mVnPnB+9Z9Yw6HPluIZbMlSByr+vPFLgaPYM356bRcNnu1pa28tONiQzRBFvl9qL08SL0OaYsmqPg==}
    engines: {node: '>=20.18.0'}
    peerDependencies:
      typescript: '>=5.3.3'

  '@solana/kit@2.1.1':
    resolution: {integrity: sha512-vV0otDSO9HFWIkAv7lxfeR7W6ruS/kqFYzTeRI+EuaZCgKdueavZnx9ydbpMCXis3BZ4Ao+k/ebzVWXMVvz+Lw==}
    engines: {node: '>=20.18.0'}
    peerDependencies:
      typescript: '>=5.3.3'

  '@solana/nominal-types@2.1.1':
    resolution: {integrity: sha512-EpdDhuoATsm9bmuduv6yoNm1EKCz2tlq13nAazaVyQvkMBHhVelyT/zq0ruUplQZbl7qyYr5hG7p1SfGgQbgSQ==}
    engines: {node: '>=20.18.0'}
    peerDependencies:
      typescript: '>=5.3.3'

  '@solana/options@2.1.1':
    resolution: {integrity: sha512-rnEExUGVOAV79kiFUEl/51gmSbBYxlcuw2VPnbAV/q53mIHoTgCwDD576N9A8wFftxaJHQFBdNuKiRrnU/fFHA==}
    engines: {node: '>=20.18.0'}
    peerDependencies:
      typescript: '>=5.3.3'

  '@solana/programs@2.1.1':
    resolution: {integrity: sha512-fVOA4SEijrIrpG7GoBWhid43w3pT7RTfmMYciVKMb17s2GcnLLcTDOahPf0mlIctLtbF8PgImtzUkXQyuFGr8Q==}
    engines: {node: '>=20.18.0'}
    peerDependencies:
      typescript: '>=5.3.3'

  '@solana/promises@2.1.1':
    resolution: {integrity: sha512-8M+QBgJAQD0nhHzaezwwHH4WWfJEBPiiPAjMNBbbbTHA8+oYFIGgY1HwDUePK8nrT1Q1dX3gC+epBCqBi/nnGg==}
    engines: {node: '>=20.18.0'}
    peerDependencies:
      typescript: '>=5.3.3'

  '@solana/rpc-api@2.1.1':
    resolution: {integrity: sha512-MTBuoRA9HtxW+CRpj1Ls5XVhDe00g8mW2Ib4/0k6ThFS0+cmjf+O78d8hgjQMqTtuzzSLZ4355+C7XEAuzSQ4g==}
    engines: {node: '>=20.18.0'}
    peerDependencies:
      typescript: '>=5.3.3'

  '@solana/rpc-parsed-types@2.1.1':
    resolution: {integrity: sha512-+n1IWYYglevvNE1neMiLOH6W67EzmWj8GaRlwGxcyu6MwSc/8x1bd2hnEkgK6md+ObPOxoOBdxQXIY/xnZgLcw==}
    engines: {node: '>=20.18.0'}
    peerDependencies:
      typescript: '>=5.3.3'

  '@solana/rpc-spec-types@2.1.1':
    resolution: {integrity: sha512-3/G/MTi/c70TVZcB0DJjh5AGV7xqOYrjrpnIg+rLZuH65qHMimWiTHj0k8lxTzRMrN06Ed0+Q7SCw9hO/grTHA==}
    engines: {node: '>=20.18.0'}
    peerDependencies:
      typescript: '>=5.3.3'

  '@solana/rpc-spec@2.1.1':
    resolution: {integrity: sha512-3Hd21XpaKtW3tG0oXAUlc1k0hX7/eqHpf8Gg744sr9G3ib5gT7EopcZRsH5LdESgS0nbv/c75TznCXjaUyRi+g==}
    engines: {node: '>=20.18.0'}
    peerDependencies:
      typescript: '>=5.3.3'

  '@solana/rpc-subscriptions-api@2.1.1':
    resolution: {integrity: sha512-b4JuVScYGaEgO3jszYf7LqXdJK4GoUIevXcyQWq4Zk+R7P41VxGQWa2kzdPX9LIi+UGBmCThdRBfgOYyyHRKDg==}
    engines: {node: '>=20.18.0'}
    peerDependencies:
      typescript: '>=5.3.3'

  '@solana/rpc-subscriptions-channel-websocket@2.1.1':
    resolution: {integrity: sha512-xEDnMXnwMtKDEpzmIXTkxxvLqGsxqlKILmyfGsQOMJ9RHYkHmz/8MarHcjnYhyZ5lrs2irN/wExUNlSZTegSEw==}
    engines: {node: '>=20.18.0'}
    peerDependencies:
      typescript: '>=5.3.3'
      ws: ^8.18.0

  '@solana/rpc-subscriptions-spec@2.1.1':
    resolution: {integrity: sha512-ANT5Tub/ZqqewRtklz02km8iCUe0qwBGi3wsKTgiX7kRx3izHn6IHl90w1Y19wPd692mfZW8+Pk5PUrMSXhR3g==}
    engines: {node: '>=20.18.0'}
    peerDependencies:
      typescript: '>=5.3.3'

  '@solana/rpc-subscriptions@2.1.1':
    resolution: {integrity: sha512-xGLIuJHxg0oCNiS40NW/5BPxHM5RurLcEmBAN1VmVtINWTm8wSbEo85a5q7cbMlPP4Vu/28lD7IITjS5qb84UQ==}
    engines: {node: '>=20.18.0'}
    peerDependencies:
      typescript: '>=5.3.3'

  '@solana/rpc-transformers@2.1.1':
    resolution: {integrity: sha512-rBOCDQjOI1eQICkqYFV43SsiPdLcahgnrGuDNorS3uOe70pQRPs1PTuuEHqLBwuu9GRw89ifRy49aBNUNmX8uQ==}
    engines: {node: '>=20.18.0'}
    peerDependencies:
      typescript: '>=5.3.3'

  '@solana/rpc-transport-http@2.1.1':
    resolution: {integrity: sha512-Wp7018VaPqhodQjQTDlCM7vTYlm3AdmRyvPZiwv5uzFgnC8B0xhEZW+ZSt1zkSXS6WrKqtufobuBFGtfG6v5KQ==}
    engines: {node: '>=20.18.0'}
    peerDependencies:
      typescript: '>=5.3.3'

  '@solana/rpc-types@2.1.1':
    resolution: {integrity: sha512-IaQKiWyTVvDoD0/3IlUxRY3OADj3cEjfLFCp1JvEdl0ANGReHp4jtqUqrYEeAdN/tGmGoiHt3n4x61wR0zFoJA==}
    engines: {node: '>=20.18.0'}
    peerDependencies:
      typescript: '>=5.3.3'

  '@solana/rpc@2.1.1':
    resolution: {integrity: sha512-X15xAx8U0ATznkoNGPUkGIuxTIOmdew1pjQRHAtPSKQTiPbAnO1sowpt4UT7V7bB6zKPu+xKvhFizUuon0PZxg==}
    engines: {node: '>=20.18.0'}
    peerDependencies:
      typescript: '>=5.3.3'

  '@solana/signers@2.1.1':
    resolution: {integrity: sha512-OfYEUgrJSrBDTC43kSQCz9A12A9+6xt2azmG8pP78yXN/bDzDmYF2i4nSzg/JzjjA5hBBYtDJ+15qpS/4cSgug==}
    engines: {node: '>=20.18.0'}
    peerDependencies:
      typescript: '>=5.3.3'

  '@solana/subscribable@2.1.1':
    resolution: {integrity: sha512-k6qe/Iu94nVtapap9Ei+3mm14gx1H+7YgB6n2bj9qJCdVN6z6ZN9nPtDY2ViIH4qAnxyh7pJKF7iCwNC/iALcw==}
    engines: {node: '>=20.18.0'}
    peerDependencies:
      typescript: '>=5.3.3'

  '@solana/sysvars@2.1.1':
    resolution: {integrity: sha512-bG7hNFpFqZm6qk763z5/P9g9Nxc0WXe+aYl6CQSptaPsmqUz1GhlBjAov9ePVFb29MmyMZ5bA+kmCTytiHK1fQ==}
    engines: {node: '>=20.18.0'}
    peerDependencies:
      typescript: '>=5.3.3'

  '@solana/transaction-confirmation@2.1.1':
    resolution: {integrity: sha512-hXv0D80u1jNEq2/k1o9IBXXq7+JYg8x4tm0kVWjzvdJjYow8EkQay5quq5o0ciFfWqlOyFwYRC7AGrKc3imE7A==}
    engines: {node: '>=20.18.0'}
    peerDependencies:
      typescript: '>=5.3.3'

  '@solana/transaction-messages@2.1.1':
    resolution: {integrity: sha512-sDf3OWV5X1C8huqsap+DyHIBAUenNJd3h7j/WI9MeIJZdGEtqxssGa2ixhecsMaevtUBKKJM9RqAvfTdRTAnLw==}
    engines: {node: '>=20.18.0'}
    peerDependencies:
      typescript: '>=5.3.3'

  '@solana/transactions@2.1.1':
    resolution: {integrity: sha512-LX/7XfcHH9o0Kpv+tpnCl56IaatD/0sMWw9NnaeZ2f7pJyav9Jmeu5LJXvdHJw2jh277UEqc9bHwKruoMrtOTw==}
    engines: {node: '>=20.18.0'}
    peerDependencies:
      typescript: '>=5.3.3'

  '@tsconfig/node10@1.0.11':
    resolution: {integrity: sha512-DcRjDCujK/kCk/cUe8Xz8ZSpm8mS3mNNpta+jGCA6USEDfktlNvm1+IuZ9eTcDbNk41BHwpHHeW+N1lKCz4zOw==}

  '@tsconfig/node12@1.0.11':
    resolution: {integrity: sha512-cqefuRsh12pWyGsIoBKJA9luFu3mRxCA+ORZvA4ktLSzIuCUtWVxGIuXigEwO5/ywWFMZ2QEGKWvkZG1zDMTag==}

  '@tsconfig/node14@1.0.3':
    resolution: {integrity: sha512-ysT8mhdixWK6Hw3i1V2AeRqZ5WfXg1G43mqoYlM2nc6388Fq5jcXyr5mRsqViLx/GJYdoL0bfXD8nmF+Zn/Iow==}

  '@tsconfig/node16@1.0.4':
    resolution: {integrity: sha512-vxhUy4J8lyeyinH7Azl1pdd43GJhZH/tP2weN8TntQblOY+A0XbT8DJk1/oCPuOOyg/Ja757rG0CgHcWC8OfMA==}

  '@types/node@22.15.18':
    resolution: {integrity: sha512-v1DKRfUdyW+jJhZNEI1PYy29S2YRxMV5AOO/x/SjKmW0acCIOqmbj6Haf9eHAhsPmrhlHSxEhv/1WszcLWV4cg==}

  acorn-walk@8.3.4:
    resolution: {integrity: sha512-ueEepnujpqee2o5aIYnvHU6C0A42MNdsIDeqy5BydrkuC5R1ZuUFnm27EeFJGoEHJQgn3uleRvmTXaJgfXbt4g==}
    engines: {node: '>=0.4.0'}

  acorn@8.14.1:
    resolution: {integrity: sha512-OvQ/2pUDKmgfCg++xsTX1wGxfTaszcHVcTctW4UJB4hibJx2HXxxO5UmVgyjMa+ZDsiaf5wWLXYpRWMmBI0QHg==}
    engines: {node: '>=0.4.0'}
    hasBin: true

  arg@4.1.3:
    resolution: {integrity: sha512-58S9QDqG0Xx27YwPSt9fJxivjYl432YCwfDMfZ+71RAqUrZef7LrKQZ3LHLOwCS4FLNBplP533Zx895SeOCHvA==}

  chalk@5.4.1:
    resolution: {integrity: sha512-zgVZuo2WcZgfUEmsn6eO3kINexW8RAE4maiQ8QNs8CtpPCSyMiYsULR3HQYkm3w8FIA3SberyMJMSldGsW+U3w==}
    engines: {node: ^12.17.0 || ^14.13 || >=16.0.0}

  commander@13.1.0:
    resolution: {integrity: sha512-/rFeCpNJQbhSZjGVwO9RFV3xPqbnERS8MmIQzCtD/zl6gpJuV/bMLuN92oG3F7d8oDEHHRrujSXNUr8fpjntKw==}
    engines: {node: '>=18'}

  create-require@1.1.1:
    resolution: {integrity: sha512-dcKFX3jn0MpIaXjisoRvexIJVEKzaq7z2rZKxf+MSr9TkdmHmsU4m2lcLojrj/FHl8mk5VxMmYA+ftRkP/3oKQ==}

  diff@4.0.2:
    resolution: {integrity: sha512-58lmxKSA4BNyLz+HHMUzlOEpg09FV+ev6ZMe3vJihgdxzgcwZ8VoEEPmALCZG9LmqfVoNMMKpttIYTVG6uDY7A==}
    engines: {node: '>=0.3.1'}

  fastestsmallesttextencoderdecoder@1.0.22:
    resolution: {integrity: sha512-Pb8d48e+oIuY4MaM64Cd7OW1gt4nxCHs7/ddPPZ/Ic3sg8yVGM7O9wDvZ7us6ScaUupzM+pfBolwtYhN1IxBIw==}

  make-error@1.3.6:
    resolution: {integrity: sha512-s8UhlNe7vPKomQhC1qFelMokr/Sc3AgNbso3n74mVPA5LTZwkB9NlXf4XPamLxJE8h0gh73rM94xvwRT2CVInw==}

  ts-node@10.9.2:
    resolution: {integrity: sha512-f0FFpIdcHgn8zcPSbf1dRevwt047YMnaiJM3u2w2RewrB+fob/zePZcrOyQoLMMO7aBIddLcQIEK5dYjkLnGrQ==}
    hasBin: true
    peerDependencies:
      '@swc/core': '>=1.2.50'
      '@swc/wasm': '>=1.2.50'
      '@types/node': '*'
      typescript: '>=2.7'
    peerDependenciesMeta:
      '@swc/core':
        optional: true
      '@swc/wasm':
        optional: true

  typescript@5.8.3:
    resolution: {integrity: sha512-p1diW6TqL9L07nNxvRMM7hMMw4c5XOo/1ibL4aAIGmSAt9slTE1Xgw5KWuof2uTOvCg9BY7ZRi+GaF+7sfgPeQ==}
    engines: {node: '>=14.17'}
    hasBin: true

  undici-types@6.21.0:
    resolution: {integrity: sha512-iwDZqg0QAGrg9Rav5H4n0M64c3mkR59cJ6wQp+7C4nI0gsmExaedaYLNO44eT4AtBBwjbTiGPMlt2Md0T9H9JQ==}

  undici-types@7.9.0:
    resolution: {integrity: sha512-TotbsoWjj1gHRlCBRKtFCKTg3HeHE87dLe3DkuWzQKlyQ0LQXP4pLTb3fBUhdcODdOoT8BkB4zdOShW57NH1rw==}

  v8-compile-cache-lib@3.0.1:
    resolution: {integrity: sha512-wa7YjyUGfNZngI/vtK0UHAN+lgDCxBPCylVXGp0zu59Fz5aiGtNXaq3DhIov063MorB+VfufLh3JlF2KdTK3xg==}

  ws@8.18.2:
    resolution: {integrity: sha512-DMricUmwGZUVr++AEAe2uiVM7UoO9MAVZMDu05UQOaUII0lp+zOzLLU4Xqh/JvTqklB1T4uELaaPBKyjE1r4fQ==}
    engines: {node: '>=10.0.0'}
    peerDependencies:
      bufferutil: ^4.0.1
      utf-8-validate: '>=5.0.2'
    peerDependenciesMeta:
      bufferutil:
        optional: true
      utf-8-validate:
        optional: true

  yn@3.1.1:
    resolution: {integrity: sha512-Ux4ygGWsu2c7isFWe8Yu1YluJmqVhxqK2cLXNQA5AcC3QfbGNpM7fu0Y8b/z16pXLnFxZYvWhd3fhBY9DLmC6Q==}
    engines: {node: '>=6'}

snapshots:

  '@cspotcode/source-map-support@0.8.1':
    dependencies:
      '@jridgewell/trace-mapping': 0.3.9

  '@jridgewell/resolve-uri@3.1.2': {}

  '@jridgewell/sourcemap-codec@1.5.0': {}

  '@jridgewell/trace-mapping@0.3.9':
    dependencies:
      '@jridgewell/resolve-uri': 3.1.2
      '@jridgewell/sourcemap-codec': 1.5.0

  '@sanctumso/spl-stake-pool@file:../sdk/pkg': {}

  '@solana/accounts@2.1.1(fastestsmallesttextencoderdecoder@1.0.22)(typescript@5.8.3)':
    dependencies:
      '@solana/addresses': 2.1.1(fastestsmallesttextencoderdecoder@1.0.22)(typescript@5.8.3)
      '@solana/codecs-core': 2.1.1(typescript@5.8.3)
      '@solana/codecs-strings': 2.1.1(fastestsmallesttextencoderdecoder@1.0.22)(typescript@5.8.3)
      '@solana/errors': 2.1.1(typescript@5.8.3)
      '@solana/rpc-spec': 2.1.1(typescript@5.8.3)
      '@solana/rpc-types': 2.1.1(fastestsmallesttextencoderdecoder@1.0.22)(typescript@5.8.3)
      typescript: 5.8.3
    transitivePeerDependencies:
      - fastestsmallesttextencoderdecoder

  '@solana/addresses@2.1.1(fastestsmallesttextencoderdecoder@1.0.22)(typescript@5.8.3)':
    dependencies:
      '@solana/assertions': 2.1.1(typescript@5.8.3)
      '@solana/codecs-core': 2.1.1(typescript@5.8.3)
      '@solana/codecs-strings': 2.1.1(fastestsmallesttextencoderdecoder@1.0.22)(typescript@5.8.3)
      '@solana/errors': 2.1.1(typescript@5.8.3)
      '@solana/nominal-types': 2.1.1(typescript@5.8.3)
      typescript: 5.8.3
    transitivePeerDependencies:
      - fastestsmallesttextencoderdecoder

  '@solana/assertions@2.1.1(typescript@5.8.3)':
    dependencies:
      '@solana/errors': 2.1.1(typescript@5.8.3)
      typescript: 5.8.3

  '@solana/codecs-core@2.1.1(typescript@5.8.3)':
    dependencies:
      '@solana/errors': 2.1.1(typescript@5.8.3)
      typescript: 5.8.3

  '@solana/codecs-data-structures@2.1.1(typescript@5.8.3)':
    dependencies:
      '@solana/codecs-core': 2.1.1(typescript@5.8.3)
      '@solana/codecs-numbers': 2.1.1(typescript@5.8.3)
      '@solana/errors': 2.1.1(typescript@5.8.3)
      typescript: 5.8.3

  '@solana/codecs-numbers@2.1.1(typescript@5.8.3)':
    dependencies:
      '@solana/codecs-core': 2.1.1(typescript@5.8.3)
      '@solana/errors': 2.1.1(typescript@5.8.3)
      typescript: 5.8.3

  '@solana/codecs-strings@2.1.1(fastestsmallesttextencoderdecoder@1.0.22)(typescript@5.8.3)':
    dependencies:
      '@solana/codecs-core': 2.1.1(typescript@5.8.3)
      '@solana/codecs-numbers': 2.1.1(typescript@5.8.3)
      '@solana/errors': 2.1.1(typescript@5.8.3)
      fastestsmallesttextencoderdecoder: 1.0.22
      typescript: 5.8.3

  '@solana/codecs@2.1.1(fastestsmallesttextencoderdecoder@1.0.22)(typescript@5.8.3)':
    dependencies:
      '@solana/codecs-core': 2.1.1(typescript@5.8.3)
      '@solana/codecs-data-structures': 2.1.1(typescript@5.8.3)
      '@solana/codecs-numbers': 2.1.1(typescript@5.8.3)
      '@solana/codecs-strings': 2.1.1(fastestsmallesttextencoderdecoder@1.0.22)(typescript@5.8.3)
      '@solana/options': 2.1.1(fastestsmallesttextencoderdecoder@1.0.22)(typescript@5.8.3)
      typescript: 5.8.3
    transitivePeerDependencies:
      - fastestsmallesttextencoderdecoder

  '@solana/errors@2.1.1(typescript@5.8.3)':
    dependencies:
      chalk: 5.4.1
      commander: 13.1.0
      typescript: 5.8.3

  '@solana/fast-stable-stringify@2.1.1(typescript@5.8.3)':
    dependencies:
      typescript: 5.8.3

  '@solana/functional@2.1.1(typescript@5.8.3)':
    dependencies:
      typescript: 5.8.3

  '@solana/instructions@2.1.1(typescript@5.8.3)':
    dependencies:
      '@solana/codecs-core': 2.1.1(typescript@5.8.3)
      '@solana/errors': 2.1.1(typescript@5.8.3)
      typescript: 5.8.3

  '@solana/keys@2.1.1(fastestsmallesttextencoderdecoder@1.0.22)(typescript@5.8.3)':
    dependencies:
      '@solana/assertions': 2.1.1(typescript@5.8.3)
      '@solana/codecs-core': 2.1.1(typescript@5.8.3)
      '@solana/codecs-strings': 2.1.1(fastestsmallesttextencoderdecoder@1.0.22)(typescript@5.8.3)
      '@solana/errors': 2.1.1(typescript@5.8.3)
      '@solana/nominal-types': 2.1.1(typescript@5.8.3)
      typescript: 5.8.3
    transitivePeerDependencies:
      - fastestsmallesttextencoderdecoder

  '@solana/kit@2.1.1(fastestsmallesttextencoderdecoder@1.0.22)(typescript@5.8.3)(ws@8.18.2)':
    dependencies:
      '@solana/accounts': 2.1.1(fastestsmallesttextencoderdecoder@1.0.22)(typescript@5.8.3)
      '@solana/addresses': 2.1.1(fastestsmallesttextencoderdecoder@1.0.22)(typescript@5.8.3)
      '@solana/codecs': 2.1.1(fastestsmallesttextencoderdecoder@1.0.22)(typescript@5.8.3)
      '@solana/errors': 2.1.1(typescript@5.8.3)
      '@solana/functional': 2.1.1(typescript@5.8.3)
      '@solana/instructions': 2.1.1(typescript@5.8.3)
      '@solana/keys': 2.1.1(fastestsmallesttextencoderdecoder@1.0.22)(typescript@5.8.3)
      '@solana/programs': 2.1.1(fastestsmallesttextencoderdecoder@1.0.22)(typescript@5.8.3)
      '@solana/rpc': 2.1.1(fastestsmallesttextencoderdecoder@1.0.22)(typescript@5.8.3)
      '@solana/rpc-parsed-types': 2.1.1(typescript@5.8.3)
      '@solana/rpc-spec-types': 2.1.1(typescript@5.8.3)
      '@solana/rpc-subscriptions': 2.1.1(fastestsmallesttextencoderdecoder@1.0.22)(typescript@5.8.3)(ws@8.18.2)
      '@solana/rpc-types': 2.1.1(fastestsmallesttextencoderdecoder@1.0.22)(typescript@5.8.3)
      '@solana/signers': 2.1.1(fastestsmallesttextencoderdecoder@1.0.22)(typescript@5.8.3)
      '@solana/sysvars': 2.1.1(fastestsmallesttextencoderdecoder@1.0.22)(typescript@5.8.3)
      '@solana/transaction-confirmation': 2.1.1(fastestsmallesttextencoderdecoder@1.0.22)(typescript@5.8.3)(ws@8.18.2)
      '@solana/transaction-messages': 2.1.1(fastestsmallesttextencoderdecoder@1.0.22)(typescript@5.8.3)
      '@solana/transactions': 2.1.1(fastestsmallesttextencoderdecoder@1.0.22)(typescript@5.8.3)
      typescript: 5.8.3
    transitivePeerDependencies:
      - fastestsmallesttextencoderdecoder
      - ws

  '@solana/nominal-types@2.1.1(typescript@5.8.3)':
    dependencies:
      typescript: 5.8.3

  '@solana/options@2.1.1(fastestsmallesttextencoderdecoder@1.0.22)(typescript@5.8.3)':
    dependencies:
      '@solana/codecs-core': 2.1.1(typescript@5.8.3)
      '@solana/codecs-data-structures': 2.1.1(typescript@5.8.3)
      '@solana/codecs-numbers': 2.1.1(typescript@5.8.3)
      '@solana/codecs-strings': 2.1.1(fastestsmallesttextencoderdecoder@1.0.22)(typescript@5.8.3)
      '@solana/errors': 2.1.1(typescript@5.8.3)
      typescript: 5.8.3
    transitivePeerDependencies:
      - fastestsmallesttextencoderdecoder

  '@solana/programs@2.1.1(fastestsmallesttextencoderdecoder@1.0.22)(typescript@5.8.3)':
    dependencies:
      '@solana/addresses': 2.1.1(fastestsmallesttextencoderdecoder@1.0.22)(typescript@5.8.3)
      '@solana/errors': 2.1.1(typescript@5.8.3)
      typescript: 5.8.3
    transitivePeerDependencies:
      - fastestsmallesttextencoderdecoder

  '@solana/promises@2.1.1(typescript@5.8.3)':
    dependencies:
      typescript: 5.8.3

  '@solana/rpc-api@2.1.1(fastestsmallesttextencoderdecoder@1.0.22)(typescript@5.8.3)':
    dependencies:
      '@solana/addresses': 2.1.1(fastestsmallesttextencoderdecoder@1.0.22)(typescript@5.8.3)
      '@solana/codecs-core': 2.1.1(typescript@5.8.3)
      '@solana/codecs-strings': 2.1.1(fastestsmallesttextencoderdecoder@1.0.22)(typescript@5.8.3)
      '@solana/errors': 2.1.1(typescript@5.8.3)
      '@solana/keys': 2.1.1(fastestsmallesttextencoderdecoder@1.0.22)(typescript@5.8.3)
      '@solana/rpc-parsed-types': 2.1.1(typescript@5.8.3)
      '@solana/rpc-spec': 2.1.1(typescript@5.8.3)
      '@solana/rpc-transformers': 2.1.1(fastestsmallesttextencoderdecoder@1.0.22)(typescript@5.8.3)
      '@solana/rpc-types': 2.1.1(fastestsmallesttextencoderdecoder@1.0.22)(typescript@5.8.3)
      '@solana/transaction-messages': 2.1.1(fastestsmallesttextencoderdecoder@1.0.22)(typescript@5.8.3)
      '@solana/transactions': 2.1.1(fastestsmallesttextencoderdecoder@1.0.22)(typescript@5.8.3)
      typescript: 5.8.3
    transitivePeerDependencies:
      - fastestsmallesttextencoderdecoder

  '@solana/rpc-parsed-types@2.1.1(typescript@5.8.3)':
    dependencies:
      typescript: 5.8.3

  '@solana/rpc-spec-types@2.1.1(typescript@5.8.3)':
    dependencies:
      typescript: 5.8.3

  '@solana/rpc-spec@2.1.1(typescript@5.8.3)':
    dependencies:
      '@solana/errors': 2.1.1(typescript@5.8.3)
      '@solana/rpc-spec-types': 2.1.1(typescript@5.8.3)
      typescript: 5.8.3

  '@solana/rpc-subscriptions-api@2.1.1(fastestsmallesttextencoderdecoder@1.0.22)(typescript@5.8.3)':
    dependencies:
      '@solana/addresses': 2.1.1(fastestsmallesttextencoderdecoder@1.0.22)(typescript@5.8.3)
      '@solana/keys': 2.1.1(fastestsmallesttextencoderdecoder@1.0.22)(typescript@5.8.3)
      '@solana/rpc-subscriptions-spec': 2.1.1(typescript@5.8.3)
      '@solana/rpc-transformers': 2.1.1(fastestsmallesttextencoderdecoder@1.0.22)(typescript@5.8.3)
      '@solana/rpc-types': 2.1.1(fastestsmallesttextencoderdecoder@1.0.22)(typescript@5.8.3)
      '@solana/transaction-messages': 2.1.1(fastestsmallesttextencoderdecoder@1.0.22)(typescript@5.8.3)
      '@solana/transactions': 2.1.1(fastestsmallesttextencoderdecoder@1.0.22)(typescript@5.8.3)
      typescript: 5.8.3
    transitivePeerDependencies:
      - fastestsmallesttextencoderdecoder

  '@solana/rpc-subscriptions-channel-websocket@2.1.1(typescript@5.8.3)(ws@8.18.2)':
    dependencies:
      '@solana/errors': 2.1.1(typescript@5.8.3)
      '@solana/functional': 2.1.1(typescript@5.8.3)
      '@solana/rpc-subscriptions-spec': 2.1.1(typescript@5.8.3)
      '@solana/subscribable': 2.1.1(typescript@5.8.3)
      typescript: 5.8.3
      ws: 8.18.2

  '@solana/rpc-subscriptions-spec@2.1.1(typescript@5.8.3)':
    dependencies:
      '@solana/errors': 2.1.1(typescript@5.8.3)
      '@solana/promises': 2.1.1(typescript@5.8.3)
      '@solana/rpc-spec-types': 2.1.1(typescript@5.8.3)
      '@solana/subscribable': 2.1.1(typescript@5.8.3)
      typescript: 5.8.3

  '@solana/rpc-subscriptions@2.1.1(fastestsmallesttextencoderdecoder@1.0.22)(typescript@5.8.3)(ws@8.18.2)':
    dependencies:
      '@solana/errors': 2.1.1(typescript@5.8.3)
      '@solana/fast-stable-stringify': 2.1.1(typescript@5.8.3)
      '@solana/functional': 2.1.1(typescript@5.8.3)
      '@solana/promises': 2.1.1(typescript@5.8.3)
      '@solana/rpc-spec-types': 2.1.1(typescript@5.8.3)
      '@solana/rpc-subscriptions-api': 2.1.1(fastestsmallesttextencoderdecoder@1.0.22)(typescript@5.8.3)
      '@solana/rpc-subscriptions-channel-websocket': 2.1.1(typescript@5.8.3)(ws@8.18.2)
      '@solana/rpc-subscriptions-spec': 2.1.1(typescript@5.8.3)
      '@solana/rpc-transformers': 2.1.1(fastestsmallesttextencoderdecoder@1.0.22)(typescript@5.8.3)
      '@solana/rpc-types': 2.1.1(fastestsmallesttextencoderdecoder@1.0.22)(typescript@5.8.3)
      '@solana/subscribable': 2.1.1(typescript@5.8.3)
      typescript: 5.8.3
    transitivePeerDependencies:
      - fastestsmallesttextencoderdecoder
      - ws

  '@solana/rpc-transformers@2.1.1(fastestsmallesttextencoderdecoder@1.0.22)(typescript@5.8.3)':
    dependencies:
      '@solana/errors': 2.1.1(typescript@5.8.3)
      '@solana/functional': 2.1.1(typescript@5.8.3)
      '@solana/nominal-types': 2.1.1(typescript@5.8.3)
      '@solana/rpc-spec-types': 2.1.1(typescript@5.8.3)
      '@solana/rpc-types': 2.1.1(fastestsmallesttextencoderdecoder@1.0.22)(typescript@5.8.3)
      typescript: 5.8.3
    transitivePeerDependencies:
      - fastestsmallesttextencoderdecoder

  '@solana/rpc-transport-http@2.1.1(typescript@5.8.3)':
    dependencies:
      '@solana/errors': 2.1.1(typescript@5.8.3)
      '@solana/rpc-spec': 2.1.1(typescript@5.8.3)
      '@solana/rpc-spec-types': 2.1.1(typescript@5.8.3)
      typescript: 5.8.3
      undici-types: 7.9.0

  '@solana/rpc-types@2.1.1(fastestsmallesttextencoderdecoder@1.0.22)(typescript@5.8.3)':
    dependencies:
      '@solana/addresses': 2.1.1(fastestsmallesttextencoderdecoder@1.0.22)(typescript@5.8.3)
      '@solana/codecs-core': 2.1.1(typescript@5.8.3)
      '@solana/codecs-numbers': 2.1.1(typescript@5.8.3)
      '@solana/codecs-strings': 2.1.1(fastestsmallesttextencoderdecoder@1.0.22)(typescript@5.8.3)
      '@solana/errors': 2.1.1(typescript@5.8.3)
      '@solana/nominal-types': 2.1.1(typescript@5.8.3)
      typescript: 5.8.3
    transitivePeerDependencies:
      - fastestsmallesttextencoderdecoder

  '@solana/rpc@2.1.1(fastestsmallesttextencoderdecoder@1.0.22)(typescript@5.8.3)':
    dependencies:
      '@solana/errors': 2.1.1(typescript@5.8.3)
      '@solana/fast-stable-stringify': 2.1.1(typescript@5.8.3)
      '@solana/functional': 2.1.1(typescript@5.8.3)
      '@solana/rpc-api': 2.1.1(fastestsmallesttextencoderdecoder@1.0.22)(typescript@5.8.3)
      '@solana/rpc-spec': 2.1.1(typescript@5.8.3)
      '@solana/rpc-spec-types': 2.1.1(typescript@5.8.3)
      '@solana/rpc-transformers': 2.1.1(fastestsmallesttextencoderdecoder@1.0.22)(typescript@5.8.3)
      '@solana/rpc-transport-http': 2.1.1(typescript@5.8.3)
      '@solana/rpc-types': 2.1.1(fastestsmallesttextencoderdecoder@1.0.22)(typescript@5.8.3)
      typescript: 5.8.3
    transitivePeerDependencies:
      - fastestsmallesttextencoderdecoder

  '@solana/signers@2.1.1(fastestsmallesttextencoderdecoder@1.0.22)(typescript@5.8.3)':
    dependencies:
      '@solana/addresses': 2.1.1(fastestsmallesttextencoderdecoder@1.0.22)(typescript@5.8.3)
      '@solana/codecs-core': 2.1.1(typescript@5.8.3)
      '@solana/errors': 2.1.1(typescript@5.8.3)
      '@solana/instructions': 2.1.1(typescript@5.8.3)
      '@solana/keys': 2.1.1(fastestsmallesttextencoderdecoder@1.0.22)(typescript@5.8.3)
      '@solana/nominal-types': 2.1.1(typescript@5.8.3)
      '@solana/transaction-messages': 2.1.1(fastestsmallesttextencoderdecoder@1.0.22)(typescript@5.8.3)
      '@solana/transactions': 2.1.1(fastestsmallesttextencoderdecoder@1.0.22)(typescript@5.8.3)
      typescript: 5.8.3
    transitivePeerDependencies:
      - fastestsmallesttextencoderdecoder

  '@solana/subscribable@2.1.1(typescript@5.8.3)':
    dependencies:
      '@solana/errors': 2.1.1(typescript@5.8.3)
      typescript: 5.8.3

  '@solana/sysvars@2.1.1(fastestsmallesttextencoderdecoder@1.0.22)(typescript@5.8.3)':
    dependencies:
      '@solana/accounts': 2.1.1(fastestsmallesttextencoderdecoder@1.0.22)(typescript@5.8.3)
      '@solana/codecs': 2.1.1(fastestsmallesttextencoderdecoder@1.0.22)(typescript@5.8.3)
      '@solana/errors': 2.1.1(typescript@5.8.3)
      '@solana/rpc-types': 2.1.1(fastestsmallesttextencoderdecoder@1.0.22)(typescript@5.8.3)
      typescript: 5.8.3
    transitivePeerDependencies:
      - fastestsmallesttextencoderdecoder

  '@solana/transaction-confirmation@2.1.1(fastestsmallesttextencoderdecoder@1.0.22)(typescript@5.8.3)(ws@8.18.2)':
    dependencies:
      '@solana/addresses': 2.1.1(fastestsmallesttextencoderdecoder@1.0.22)(typescript@5.8.3)
      '@solana/codecs-strings': 2.1.1(fastestsmallesttextencoderdecoder@1.0.22)(typescript@5.8.3)
      '@solana/errors': 2.1.1(typescript@5.8.3)
      '@solana/keys': 2.1.1(fastestsmallesttextencoderdecoder@1.0.22)(typescript@5.8.3)
      '@solana/promises': 2.1.1(typescript@5.8.3)
      '@solana/rpc': 2.1.1(fastestsmallesttextencoderdecoder@1.0.22)(typescript@5.8.3)
      '@solana/rpc-subscriptions': 2.1.1(fastestsmallesttextencoderdecoder@1.0.22)(typescript@5.8.3)(ws@8.18.2)
      '@solana/rpc-types': 2.1.1(fastestsmallesttextencoderdecoder@1.0.22)(typescript@5.8.3)
      '@solana/transaction-messages': 2.1.1(fastestsmallesttextencoderdecoder@1.0.22)(typescript@5.8.3)
      '@solana/transactions': 2.1.1(fastestsmallesttextencoderdecoder@1.0.22)(typescript@5.8.3)
      typescript: 5.8.3
    transitivePeerDependencies:
      - fastestsmallesttextencoderdecoder
      - ws

  '@solana/transaction-messages@2.1.1(fastestsmallesttextencoderdecoder@1.0.22)(typescript@5.8.3)':
    dependencies:
      '@solana/addresses': 2.1.1(fastestsmallesttextencoderdecoder@1.0.22)(typescript@5.8.3)
      '@solana/codecs-core': 2.1.1(typescript@5.8.3)
      '@solana/codecs-data-structures': 2.1.1(typescript@5.8.3)
      '@solana/codecs-numbers': 2.1.1(typescript@5.8.3)
      '@solana/errors': 2.1.1(typescript@5.8.3)
      '@solana/functional': 2.1.1(typescript@5.8.3)
      '@solana/instructions': 2.1.1(typescript@5.8.3)
      '@solana/nominal-types': 2.1.1(typescript@5.8.3)
      '@solana/rpc-types': 2.1.1(fastestsmallesttextencoderdecoder@1.0.22)(typescript@5.8.3)
      typescript: 5.8.3
    transitivePeerDependencies:
      - fastestsmallesttextencoderdecoder

  '@solana/transactions@2.1.1(fastestsmallesttextencoderdecoder@1.0.22)(typescript@5.8.3)':
    dependencies:
      '@solana/addresses': 2.1.1(fastestsmallesttextencoderdecoder@1.0.22)(typescript@5.8.3)
      '@solana/codecs-core': 2.1.1(typescript@5.8.3)
      '@solana/codecs-data-structures': 2.1.1(typescript@5.8.3)
      '@solana/codecs-numbers': 2.1.1(typescript@5.8.3)
      '@solana/codecs-strings': 2.1.1(fastestsmallesttextencoderdecoder@1.0.22)(typescript@5.8.3)
      '@solana/errors': 2.1.1(typescript@5.8.3)
      '@solana/functional': 2.1.1(typescript@5.8.3)
      '@solana/instructions': 2.1.1(typescript@5.8.3)
      '@solana/keys': 2.1.1(fastestsmallesttextencoderdecoder@1.0.22)(typescript@5.8.3)
      '@solana/nominal-types': 2.1.1(typescript@5.8.3)
      '@solana/rpc-types': 2.1.1(fastestsmallesttextencoderdecoder@1.0.22)(typescript@5.8.3)
      '@solana/transaction-messages': 2.1.1(fastestsmallesttextencoderdecoder@1.0.22)(typescript@5.8.3)
      typescript: 5.8.3
    transitivePeerDependencies:
      - fastestsmallesttextencoderdecoder

  '@tsconfig/node10@1.0.11': {}

  '@tsconfig/node12@1.0.11': {}

  '@tsconfig/node14@1.0.3': {}

  '@tsconfig/node16@1.0.4': {}

  '@types/node@22.15.18':
    dependencies:
      undici-types: 6.21.0

  acorn-walk@8.3.4:
    dependencies:
      acorn: 8.14.1

  acorn@8.14.1: {}

  arg@4.1.3: {}

  chalk@5.4.1: {}

  commander@13.1.0: {}

  create-require@1.1.1: {}

  diff@4.0.2: {}

  fastestsmallesttextencoderdecoder@1.0.22: {}

  make-error@1.3.6: {}

  ts-node@10.9.2(@types/node@22.15.18)(typescript@5.8.3):
    dependencies:
      '@cspotcode/source-map-support': 0.8.1
      '@tsconfig/node10': 1.0.11
      '@tsconfig/node12': 1.0.11
      '@tsconfig/node14': 1.0.3
      '@tsconfig/node16': 1.0.4
      '@types/node': 22.15.18
      acorn: 8.14.1
      acorn-walk: 8.3.4
      arg: 4.1.3
      create-require: 1.1.1
      diff: 4.0.2
      make-error: 1.3.6
      typescript: 5.8.3
      v8-compile-cache-lib: 3.0.1
      yn: 3.1.1

  typescript@5.8.3: {}

  undici-types@6.21.0: {}

  undici-types@7.9.0: {}

  v8-compile-cache-lib@3.0.1: {}

  ws@8.18.2: {}

  yn@3.1.1: {}
